
Microsoft Visual Studio Solution File, Format Version 12.00
# Visual Studio 15
VisualStudioVersion = 15.0.28307.329
MinimumVisualStudioVersion = 10.0.40219.1
Project("{8BC9CEB8-8B4A-11D0-8D11-00A0C91BC942}") = "GitTest3", "GitTest3\GitTest3.vcxproj", "{308714C5-9E75-4191-BF5E-C9606AB72D47}"
EndProject
Global
	GlobalSection(SolutionConfigurationPlatforms) = preSolution
		Debug|x64 = Debug|x64
		Debug|x86 = Debug|x86
		Release|x64 = Release|x64
		Release|x86 = Release|x86
	EndGlobalSection
	GlobalSection(ProjectConfigurationPlatforms) = postSolution
		{308714C5-9E75-4191-BF5E-C9606AB72D47}.Debug|x64.ActiveCfg = Debug|x64
		{308714C5-9E75-4191-BF5E-C9606AB72D47}.Debug|x64.Build.0 = Debug|x64
		{308714C5-9E75-4191-BF5E-C9606AB72D47}.Debug|x86.ActiveCfg = Debug|Win32
		{308714C5-9E75-4191-BF5E-C9606AB72D47}.Debug|x86.Build.0 = Debug|Win32
		{308714C5-9E75-4191-BF5E-C9606AB72D47}.Release|x64.ActiveCfg = Release|x64
		{308714C5-9E75-4191-BF5E-C9606AB72D47}.Release|x64.Build.0 = Release|x64
		{308714C5-9E75-4191-BF5E-C9606AB72D47}.Release|x86.ActiveCfg = Release|Win32
		{308714C5-9E75-4191-BF5E-C9606AB72D47}.Release|x86.Build.0 = Release|Win32
	EndGlobalSection
	GlobalSection(SolutionProperties) = preSolution
		HideSolutionNode = FALSE
	EndGlobalSection
	GlobalSection(ExtensibilityGlobals) = postSolution
		SolutionGuid = {0BBC1E45-8ADE-438E-883C-01CA0D339035}
	EndGlobalSection
EndGlobal
